
Microsoft Visual Studio Solution File, Format Version 12.00
# Visual Studio Version 16
VisualStudioVersion = 16.0.30711.63
MinimumVisualStudioVersion = 10.0.40219.1
Project("{FAE04EC0-301F-11D3-BF4B-00C04F79EFBC}") = "JsonWebAPI", "JsonWebAPI\JsonWebAPI.csproj", "{C1AF4FBC-13EE-4DF8-B233-176365E6EA01}"
EndProject
Global
	GlobalSection(SolutionConfigurationPlatforms) = preSolution
		Debug|Any CPU = Debug|Any CPU
		Release|Any CPU = Release|Any CPU
	EndGlobalSection
	GlobalSection(ProjectConfigurationPlatforms) = postSolution
		{C1AF4FBC-13EE-4DF8-B233-176365E6EA01}.Debug|Any CPU.ActiveCfg = Debug|Any CPU
		{C1AF4FBC-13EE-4DF8-B233-176365E6EA01}.Debug|Any CPU.Build.0 = Debug|Any CPU
		{C1AF4FBC-13EE-4DF8-B233-176365E6EA01}.Release|Any CPU.ActiveCfg = Release|Any CPU
		{C1AF4FBC-13EE-4DF8-B233-176365E6EA01}.Release|Any CPU.Build.0 = Release|Any CPU
	EndGlobalSection
	GlobalSection(SolutionProperties) = preSolution
		HideSolutionNode = FALSE
	EndGlobalSection
	GlobalSection(ExtensibilityGlobals) = postSolution
		SolutionGuid = {C8D25BEA-2F06-44A9-8EAC-25680AF87701}
	EndGlobalSection
EndGlobal
